
Microsoft Visual Studio Solution File, Format Version 12.00
# Visual Studio Version 17
VisualStudioVersion = 17.7.34024.191
MinimumVisualStudioVersion = 10.0.40219.1
Project("{FAE04EC0-301F-11D3-BF4B-00C04F79EFBC}") = "RainfallApi.Web", "Rainfall Api\RainfallApi.Web.csproj", "{465B02FA-7AAC-475E-87B6-044083F01413}"
EndProject
Project("{FAE04EC0-301F-11D3-BF4B-00C04F79EFBC}") = "RainfallApi.Services", "RainfallApi.Services\RainfallApi.Services.csproj", "{6901E638-9DAB-4947-82E5-9CF2C333A4FF}"
EndProject
Global
	GlobalSection(SolutionConfigurationPlatforms) = preSolution
		Debug|Any CPU = Debug|Any CPU
		Release|Any CPU = Release|Any CPU
	EndGlobalSection
	GlobalSection(ProjectConfigurationPlatforms) = postSolution
		{465B02FA-7AAC-475E-87B6-044083F01413}.Debug|Any CPU.ActiveCfg = Debug|Any CPU
		{465B02FA-7AAC-475E-87B6-044083F01413}.Debug|Any CPU.Build.0 = Debug|Any CPU
		{465B02FA-7AAC-475E-87B6-044083F01413}.Release|Any CPU.ActiveCfg = Release|Any CPU
		{465B02FA-7AAC-475E-87B6-044083F01413}.Release|Any CPU.Build.0 = Release|Any CPU
		{6901E638-9DAB-4947-82E5-9CF2C333A4FF}.Debug|Any CPU.ActiveCfg = Debug|Any CPU
		{6901E638-9DAB-4947-82E5-9CF2C333A4FF}.Debug|Any CPU.Build.0 = Debug|Any CPU
		{6901E638-9DAB-4947-82E5-9CF2C333A4FF}.Release|Any CPU.ActiveCfg = Release|Any CPU
		{6901E638-9DAB-4947-82E5-9CF2C333A4FF}.Release|Any CPU.Build.0 = Release|Any CPU
	EndGlobalSection
	GlobalSection(SolutionProperties) = preSolution
		HideSolutionNode = FALSE
	EndGlobalSection
	GlobalSection(ExtensibilityGlobals) = postSolution
		SolutionGuid = {2AC4F18E-F56C-4536-A08A-E2DC02F49BD3}
	EndGlobalSection
EndGlobal
